
Microsoft Visual Studio Solution File, Format Version 12.00
# Visual Studio Version 16
VisualStudioVersion = 16.0.31702.278
MinimumVisualStudioVersion = 10.0.40219.1
Project("{FAE04EC0-301F-11D3-BF4B-00C04F79EFBC}") = "CraftDemo", "CraftDemo\CraftDemo.csproj", "{BA4B0078-81F0-451F-9CEC-6EA3A528EA61}"
EndProject
Global
	GlobalSection(SolutionConfigurationPlatforms) = preSolution
		Debug|Any CPU = Debug|Any CPU
		Release|Any CPU = Release|Any CPU
	EndGlobalSection
	GlobalSection(ProjectConfigurationPlatforms) = postSolution
		{BA4B0078-81F0-451F-9CEC-6EA3A528EA61}.Debug|Any CPU.ActiveCfg = Debug|Any CPU
		{BA4B0078-81F0-451F-9CEC-6EA3A528EA61}.Debug|Any CPU.Build.0 = Debug|Any CPU
		{BA4B0078-81F0-451F-9CEC-6EA3A528EA61}.Release|Any CPU.ActiveCfg = Release|Any CPU
		{BA4B0078-81F0-451F-9CEC-6EA3A528EA61}.Release|Any CPU.Build.0 = Release|Any CPU
	EndGlobalSection
	GlobalSection(SolutionProperties) = preSolution
		HideSolutionNode = FALSE
	EndGlobalSection
	GlobalSection(ExtensibilityGlobals) = postSolution
		SolutionGuid = {C593579C-52C2-43FF-84CF-37DE93719E8E}
	EndGlobalSection
EndGlobal
